
Microsoft Visual Studio Solution File, Format Version 12.00
# Visual Studio Version 17
VisualStudioVersion = 17.10.35027.167
MinimumVisualStudioVersion = 10.0.40219.1
Project("{9A19103F-16F7-4668-BE54-9A1E7A4F7556}") = "clocktosWebForm", "clocktosWebForm.csproj", "{A1843FC0-FCE8-4B91-9B6B-27DD3925CE4D}"
EndProject
Global
	GlobalSection(SolutionConfigurationPlatforms) = preSolution
		Debug|Any CPU = Debug|Any CPU
		Release|Any CPU = Release|Any CPU
	EndGlobalSection
	GlobalSection(ProjectConfigurationPlatforms) = postSolution
		{A1843FC0-FCE8-4B91-9B6B-27DD3925CE4D}.Debug|Any CPU.ActiveCfg = Debug|Any CPU
		{A1843FC0-FCE8-4B91-9B6B-27DD3925CE4D}.Debug|Any CPU.Build.0 = Debug|Any CPU
		{A1843FC0-FCE8-4B91-9B6B-27DD3925CE4D}.Release|Any CPU.ActiveCfg = Release|Any CPU
		{A1843FC0-FCE8-4B91-9B6B-27DD3925CE4D}.Release|Any CPU.Build.0 = Release|Any CPU
	EndGlobalSection
	GlobalSection(SolutionProperties) = preSolution
		HideSolutionNode = FALSE
	EndGlobalSection
	GlobalSection(ExtensibilityGlobals) = postSolution
		SolutionGuid = {0A28008B-E0AE-4A1D-98AE-2C133EDF4E03}
	EndGlobalSection
EndGlobal
